// !$*UTF8*$!
{
	archiveVersion = 1;
	classes = {
	};
	objectVersion = 56;
	objects = {

/* Begin PBXBuildFile section */
		395B61B42C576BC900B08343 /* BirthdateView.swift in Sources */ = {isa = PBXBuildFile; fileRef = 395B61B32C576BC900B08343 /* BirthdateView.swift */; };
		395B61B62C576EA300B08343 /* EnterUserNameScreen.swift in Sources */ = {isa = PBXBuildFile; fileRef = 395B61B52C576EA300B08343 /* EnterUserNameScreen.swift */; };
		395B61B82C576F9A00B08343 /* EnterProfilePictureView.swift in Sources */ = {isa = PBXBuildFile; fileRef = 395B61B72C576F9A00B08343 /* EnterProfilePictureView.swift */; };
		395B61BA2C57704900B08343 /* PictureSelector.swift in Sources */ = {isa = PBXBuildFile; fileRef = 395B61B92C57704900B08343 /* PictureSelector.swift */; };
		39A8B4CA2C56D1BC00BD4389 /* EnterNameView.swift in Sources */ = {isa = PBXBuildFile; fileRef = 39A8B4C92C56D1BC00BD4389 /* EnterNameView.swift */; };
		DD2D260F2CE6AB2F00F54193 /* FirebaseStorage in Frameworks */ = {isa = PBXBuildFile; productRef = DD2D260E2CE6AB2F00F54193 /* FirebaseStorage */; };
		DD5AF5C02C62122500D055CC /* Enums.swift in Sources */ = {isa = PBXBuildFile; fileRef = DD5AF5BF2C62122500D055CC /* Enums.swift */; };
		DD5AF5C42C65A1F900D055CC /* ProfileView.swift in Sources */ = {isa = PBXBuildFile; fileRef = DD5AF5C32C65A1F900D055CC /* ProfileView.swift */; };
		DD5AF5C72C6626AB00D055CC /* sample1.m4a in Resources */ = {isa = PBXBuildFile; fileRef = DD5AF5C62C6626AB00D055CC /* sample1.m4a */; };
		DD5AF5C92C6626C400D055CC /* sample3.m4a in Resources */ = {isa = PBXBuildFile; fileRef = DD5AF5C82C6626C400D055CC /* sample3.m4a */; };
		DD79F77E2C68494A004CBD98 /* UserYapList.swift in Sources */ = {isa = PBXBuildFile; fileRef = DD79F77D2C68494A004CBD98 /* UserYapList.swift */; };
		DD79F7802C684EC2004CBD98 /* ProfileMenuView.swift in Sources */ = {isa = PBXBuildFile; fileRef = DD79F77F2C684EC2004CBD98 /* ProfileMenuView.swift */; };
		DD79F78F2C84DEC3004CBD98 /* GoogleService-Info.plist in Resources */ = {isa = PBXBuildFile; fileRef = DD79F78E2C84DEC2004CBD98 /* GoogleService-Info.plist */; };
		DD79F7902C84DEC3004CBD98 /* GoogleService-Info.plist in Resources */ = {isa = PBXBuildFile; fileRef = DD79F78E2C84DEC2004CBD98 /* GoogleService-Info.plist */; };
		DDA67E112C507C34001DD7A8 /* SignUpViewTest.swift in Sources */ = {isa = PBXBuildFile; fileRef = DDA67E102C507C34001DD7A8 /* SignUpViewTest.swift */; };
		DDA67E2A2C50AA8B001DD7A8 /* FirebaseAuth in Frameworks */ = {isa = PBXBuildFile; productRef = DDA67E292C50AA8B001DD7A8 /* FirebaseAuth */; };
		DDA67EA72C5211C9001DD7A8 /* Validators.swift in Sources */ = {isa = PBXBuildFile; fileRef = DDA67EA62C5211C9001DD7A8 /* Validators.swift */; };
		DDA67EA82C5211C9001DD7A8 /* Validators.swift in Sources */ = {isa = PBXBuildFile; fileRef = DDA67EA62C5211C9001DD7A8 /* Validators.swift */; };
		DDA67EAA2C52146F001DD7A8 /* LogInViewTest.swift in Sources */ = {isa = PBXBuildFile; fileRef = DDA67EA92C52146F001DD7A8 /* LogInViewTest.swift */; };
		DDAA6E722C4F680700764617 /* Assets.xcassets in Resources */ = {isa = PBXBuildFile; fileRef = DDAA6E712C4F680700764617 /* Assets.xcassets */; };
		DDAA6E752C4F680700764617 /* Preview Assets.xcassets in Resources */ = {isa = PBXBuildFile; fileRef = DDAA6E742C4F680700764617 /* Preview Assets.xcassets */; };
		DDAA6E992C4F683100764617 /* +View.swift in Sources */ = {isa = PBXBuildFile; fileRef = DDAA6E982C4F683100764617 /* +View.swift */; };
		DDAA6E9B2C4F684300764617 /* AppDelegate.swift in Sources */ = {isa = PBXBuildFile; fileRef = DDAA6E9A2C4F684300764617 /* AppDelegate.swift */; };
		DDAA6E9D2C4F685900764617 /* TalkALotApp.swift in Sources */ = {isa = PBXBuildFile; fileRef = DDAA6E9C2C4F685900764617 /* TalkALotApp.swift */; };
		DDAA6E9F2C4F689C00764617 /* HomeView.swift in Sources */ = {isa = PBXBuildFile; fileRef = DDAA6E9E2C4F689C00764617 /* HomeView.swift */; };
		DDAA6EA12C4F68CE00764617 /* LoginView.swift in Sources */ = {isa = PBXBuildFile; fileRef = DDAA6EA02C4F68CE00764617 /* LoginView.swift */; };
		DDAA6ED92C4F799A00764617 /* FirebaseAuth in Frameworks */ = {isa = PBXBuildFile; productRef = DDAA6ED82C4F799A00764617 /* FirebaseAuth */; };
		DDAA6EF92C4F845A00764617 /* SignUpView.swift in Sources */ = {isa = PBXBuildFile; fileRef = DDAA6EF82C4F845A00764617 /* SignUpView.swift */; };
		DDCF159D2C562C2D00A94C35 /* GoogleService-Info.plist in Resources */ = {isa = PBXBuildFile; fileRef = DDCF159C2C562C2D00A94C35 /* GoogleService-Info.plist */; };
		DDCF159E2C562C2D00A94C35 /* GoogleService-Info.plist in Resources */ = {isa = PBXBuildFile; fileRef = DDCF159C2C562C2D00A94C35 /* GoogleService-Info.plist */; };
		DDCF15A32C562CFC00A94C35 /* RecordView.swift in Sources */ = {isa = PBXBuildFile; fileRef = DDCF15A22C562CFC00A94C35 /* RecordView.swift */; };
		DDCF15A92C56329E00A94C35 /* AudioPlayerView.swift in Sources */ = {isa = PBXBuildFile; fileRef = DDCF15A82C56329E00A94C35 /* AudioPlayerView.swift */; };
		DDCF15C72C57290900A94C35 /* WaveformView.swift in Sources */ = {isa = PBXBuildFile; fileRef = DDCF15C62C57290900A94C35 /* WaveformView.swift */; };
		DDCF15CB2C5C01F900A94C35 /* CustomViews.swift in Sources */ = {isa = PBXBuildFile; fileRef = DDCF15CA2C5C01F800A94C35 /* CustomViews.swift */; };
		DDCF15D52C60941E00A94C35 /* AudioHelpers.swift in Sources */ = {isa = PBXBuildFile; fileRef = DDCF15D42C60941E00A94C35 /* AudioHelpers.swift */; };
/* End PBXBuildFile section */

/* Begin PBXContainerItemProxy section */
		DDA67E122C507C34001DD7A8 /* PBXContainerItemProxy */ = {
			isa = PBXContainerItemProxy;
			containerPortal = DDAA6E622C4F680500764617 /* Project object */;
			proxyType = 1;
			remoteGlobalIDString = DDAA6E692C4F680500764617;
			remoteInfo = TalkALot;
		};
/* End PBXContainerItemProxy section */

/* Begin PBXFileReference section */
		395B61B32C576BC900B08343 /* BirthdateView.swift */ = {isa = PBXFileReference; lastKnownFileType = sourcecode.swift; path = BirthdateView.swift; sourceTree = "<group>"; };
		395B61B52C576EA300B08343 /* EnterUserNameScreen.swift */ = {isa = PBXFileReference; lastKnownFileType = sourcecode.swift; path = EnterUserNameScreen.swift; sourceTree = "<group>"; };
		395B61B72C576F9A00B08343 /* EnterProfilePictureView.swift */ = {isa = PBXFileReference; lastKnownFileType = sourcecode.swift; path = EnterProfilePictureView.swift; sourceTree = "<group>"; };
		395B61B92C57704900B08343 /* PictureSelector.swift */ = {isa = PBXFileReference; lastKnownFileType = sourcecode.swift; path = PictureSelector.swift; sourceTree = "<group>"; };
		39A8B4C92C56D1BC00BD4389 /* EnterNameView.swift */ = {isa = PBXFileReference; lastKnownFileType = sourcecode.swift; path = EnterNameView.swift; sourceTree = "<group>"; };
		DD5AF5BF2C62122500D055CC /* Enums.swift */ = {isa = PBXFileReference; lastKnownFileType = sourcecode.swift; path = Enums.swift; sourceTree = "<group>"; };
		DD5AF5C32C65A1F900D055CC /* ProfileView.swift */ = {isa = PBXFileReference; lastKnownFileType = sourcecode.swift; path = ProfileView.swift; sourceTree = "<group>"; };
		DD5AF5C62C6626AB00D055CC /* sample1.m4a */ = {isa = PBXFileReference; lastKnownFileType = file; path = sample1.m4a; sourceTree = "<group>"; };
		DD5AF5C82C6626C400D055CC /* sample3.m4a */ = {isa = PBXFileReference; lastKnownFileType = file; path = sample3.m4a; sourceTree = "<group>"; };
		DD79F77D2C68494A004CBD98 /* UserYapList.swift */ = {isa = PBXFileReference; lastKnownFileType = sourcecode.swift; path = UserYapList.swift; sourceTree = "<group>"; };
		DD79F77F2C684EC2004CBD98 /* ProfileMenuView.swift */ = {isa = PBXFileReference; lastKnownFileType = sourcecode.swift; path = ProfileMenuView.swift; sourceTree = "<group>"; };
		DD79F78E2C84DEC2004CBD98 /* GoogleService-Info.plist */ = {isa = PBXFileReference; fileEncoding = 4; lastKnownFileType = text.plist.xml; path = "GoogleService-Info.plist"; sourceTree = "<group>"; };
		DDA67E082C507917001DD7A8 /* XCTest.framework */ = {isa = PBXFileReference; lastKnownFileType = wrapper.framework; name = XCTest.framework; path = Platforms/iPhoneOS.platform/Developer/Library/Frameworks/XCTest.framework; sourceTree = DEVELOPER_DIR; };
		DDA67E0E2C507C34001DD7A8 /* TalkALotTests.xctest */ = {isa = PBXFileReference; explicitFileType = wrapper.cfbundle; includeInIndex = 0; path = TalkALotTests.xctest; sourceTree = BUILT_PRODUCTS_DIR; };
		DDA67E102C507C34001DD7A8 /* SignUpViewTest.swift */ = {isa = PBXFileReference; lastKnownFileType = sourcecode.swift; path = SignUpViewTest.swift; sourceTree = "<group>"; };
		DDA67EA62C5211C9001DD7A8 /* Validators.swift */ = {isa = PBXFileReference; lastKnownFileType = sourcecode.swift; path = Validators.swift; sourceTree = "<group>"; };
		DDA67EA92C52146F001DD7A8 /* LogInViewTest.swift */ = {isa = PBXFileReference; lastKnownFileType = sourcecode.swift; path = LogInViewTest.swift; sourceTree = "<group>"; };
		DDAA6E6A2C4F680500764617 /* TalkALot.app */ = {isa = PBXFileReference; explicitFileType = wrapper.application; includeInIndex = 0; path = TalkALot.app; sourceTree = BUILT_PRODUCTS_DIR; };
		DDAA6E712C4F680700764617 /* Assets.xcassets */ = {isa = PBXFileReference; lastKnownFileType = folder.assetcatalog; path = Assets.xcassets; sourceTree = "<group>"; };
		DDAA6E742C4F680700764617 /* Preview Assets.xcassets */ = {isa = PBXFileReference; lastKnownFileType = folder.assetcatalog; path = "Preview Assets.xcassets"; sourceTree = "<group>"; };
		DDAA6E982C4F683100764617 /* +View.swift */ = {isa = PBXFileReference; lastKnownFileType = sourcecode.swift; path = "+View.swift"; sourceTree = "<group>"; };
		DDAA6E9A2C4F684300764617 /* AppDelegate.swift */ = {isa = PBXFileReference; lastKnownFileType = sourcecode.swift; path = AppDelegate.swift; sourceTree = "<group>"; };
		DDAA6E9C2C4F685900764617 /* TalkALotApp.swift */ = {isa = PBXFileReference; lastKnownFileType = sourcecode.swift; path = TalkALotApp.swift; sourceTree = "<group>"; };
		DDAA6E9E2C4F689C00764617 /* HomeView.swift */ = {isa = PBXFileReference; lastKnownFileType = sourcecode.swift; path = HomeView.swift; sourceTree = "<group>"; };
		DDAA6EA02C4F68CE00764617 /* LoginView.swift */ = {isa = PBXFileReference; lastKnownFileType = sourcecode.swift; path = LoginView.swift; sourceTree = "<group>"; };
		DDAA6EF82C4F845A00764617 /* SignUpView.swift */ = {isa = PBXFileReference; lastKnownFileType = sourcecode.swift; path = SignUpView.swift; sourceTree = "<group>"; };
		DDCF159C2C562C2D00A94C35 /* GoogleService-Info.plist */ = {isa = PBXFileReference; fileEncoding = 4; lastKnownFileType = text.plist.xml; path = "GoogleService-Info.plist"; sourceTree = "<group>"; };
		DDCF15A22C562CFC00A94C35 /* RecordView.swift */ = {isa = PBXFileReference; lastKnownFileType = sourcecode.swift; path = RecordView.swift; sourceTree = "<group>"; };
		DDCF15A82C56329E00A94C35 /* AudioPlayerView.swift */ = {isa = PBXFileReference; lastKnownFileType = sourcecode.swift; path = AudioPlayerView.swift; sourceTree = "<group>"; };
		DDCF15C62C57290900A94C35 /* WaveformView.swift */ = {isa = PBXFileReference; lastKnownFileType = sourcecode.swift; path = WaveformView.swift; sourceTree = "<group>"; };
		DDCF15CA2C5C01F800A94C35 /* CustomViews.swift */ = {isa = PBXFileReference; lastKnownFileType = sourcecode.swift; path = CustomViews.swift; sourceTree = "<group>"; };
		DDCF15D42C60941E00A94C35 /* AudioHelpers.swift */ = {isa = PBXFileReference; lastKnownFileType = sourcecode.swift; path = AudioHelpers.swift; sourceTree = "<group>"; };
/* End PBXFileReference section */

/* Begin PBXFrameworksBuildPhase section */
		DDA67E0B2C507C34001DD7A8 /* Frameworks */ = {
			isa = PBXFrameworksBuildPhase;
			buildActionMask = 2147483647;
			files = (
				DDA67E2A2C50AA8B001DD7A8 /* FirebaseAuth in Frameworks */,
			);
			runOnlyForDeploymentPostprocessing = 0;
		};
		DDAA6E672C4F680500764617 /* Frameworks */ = {
			isa = PBXFrameworksBuildPhase;
			buildActionMask = 2147483647;
			files = (
				DDAA6ED92C4F799A00764617 /* FirebaseAuth in Frameworks */,
				DD2D260F2CE6AB2F00F54193 /* FirebaseStorage in Frameworks */,
			);
			runOnlyForDeploymentPostprocessing = 0;
		};
/* End PBXFrameworksBuildPhase section */

/* Begin PBXGroup section */
		39A8B4C82C56D19600BD4389 /* UserNewProfileViews */ = {
			isa = PBXGroup;
			children = (
				39A8B4C92C56D1BC00BD4389 /* EnterNameView.swift */,
				395B61B32C576BC900B08343 /* BirthdateView.swift */,
				395B61B52C576EA300B08343 /* EnterUserNameScreen.swift */,
				395B61B72C576F9A00B08343 /* EnterProfilePictureView.swift */,
			);
			path = UserNewProfileViews;
			sourceTree = "<group>";
		};
		DD5AF5C52C66267900D055CC /* TestAudioFiles */ = {
			isa = PBXGroup;
			children = (
				DD5AF5C82C6626C400D055CC /* sample3.m4a */,
				DD5AF5C62C6626AB00D055CC /* sample1.m4a */,
			);
			path = TestAudioFiles;
			sourceTree = "<group>";
		};
		DDA67DC62C506D46001DD7A8 /* Frameworks */ = {
			isa = PBXGroup;
			children = (
				DDA67E082C507917001DD7A8 /* XCTest.framework */,
			);
			name = Frameworks;
			sourceTree = "<group>";
		};
		DDA67E0F2C507C34001DD7A8 /* TalkALotTests */ = {
			isa = PBXGroup;
			children = (
				DDA67E102C507C34001DD7A8 /* SignUpViewTest.swift */,
				DDA67EA92C52146F001DD7A8 /* LogInViewTest.swift */,
			);
			path = TalkALotTests;
			sourceTree = "<group>";
		};
		DDAA6E612C4F680500764617 = {
			isa = PBXGroup;
			children = (
				DDCF159C2C562C2D00A94C35 /* GoogleService-Info.plist */,
				DD79F78E2C84DEC2004CBD98 /* GoogleService-Info.plist */,
				DDAA6E6C2C4F680500764617 /* TalkALot */,
				DDA67E0F2C507C34001DD7A8 /* TalkALotTests */,
				DDAA6E6B2C4F680500764617 /* Products */,
				DDA67DC62C506D46001DD7A8 /* Frameworks */,
			);
			sourceTree = "<group>";
		};
		DDAA6E6B2C4F680500764617 /* Products */ = {
			isa = PBXGroup;
			children = (
				DDAA6E6A2C4F680500764617 /* TalkALot.app */,
				DDA67E0E2C507C34001DD7A8 /* TalkALotTests.xctest */,
			);
			name = Products;
			sourceTree = "<group>";
		};
		DDAA6E6C2C4F680500764617 /* TalkALot */ = {
			isa = PBXGroup;
			children = (
				DD5AF5C52C66267900D055CC /* TestAudioFiles */,
				DDAA6E9C2C4F685900764617 /* TalkALotApp.swift */,
				DDCF15AB2C5643F900A94C35 /* Views */,
				DDAA6E972C4F682100764617 /* Helpers */,
				DDAA6E712C4F680700764617 /* Assets.xcassets */,
				DDAA6E732C4F680700764617 /* Preview Content */,
			);
			path = TalkALot;
			sourceTree = "<group>";
		};
		DDAA6E732C4F680700764617 /* Preview Content */ = {
			isa = PBXGroup;
			children = (
				DDAA6E742C4F680700764617 /* Preview Assets.xcassets */,
			);
			path = "Preview Content";
			sourceTree = "<group>";
		};
		DDAA6E972C4F682100764617 /* Helpers */ = {
			isa = PBXGroup;
			children = (
				DDAA6E982C4F683100764617 /* +View.swift */,
				DDAA6E9A2C4F684300764617 /* AppDelegate.swift */,
				DDA67EA62C5211C9001DD7A8 /* Validators.swift */,
				395B61B92C57704900B08343 /* PictureSelector.swift */,
				DDCF15CA2C5C01F800A94C35 /* CustomViews.swift */,
				DDCF15D42C60941E00A94C35 /* AudioHelpers.swift */,
				DD5AF5BF2C62122500D055CC /* Enums.swift */,
				DD79F77D2C68494A004CBD98 /* UserYapList.swift */,
				DD79F77F2C684EC2004CBD98 /* ProfileMenuView.swift */,
			);
			path = Helpers;
			sourceTree = "<group>";
		};
		DDCF15AB2C5643F900A94C35 /* Views */ = {
			isa = PBXGroup;
			children = (
				39A8B4C82C56D19600BD4389 /* UserNewProfileViews */,
				DDCF15A82C56329E00A94C35 /* AudioPlayerView.swift */,
				DDCF15A22C562CFC00A94C35 /* RecordView.swift */,
				DDAA6E9E2C4F689C00764617 /* HomeView.swift */,
				DD5AF5C32C65A1F900D055CC /* ProfileView.swift */,
				DDAA6EF82C4F845A00764617 /* SignUpView.swift */,
				DDAA6EA02C4F68CE00764617 /* LoginView.swift */,
				DDCF15C62C57290900A94C35 /* WaveformView.swift */,
			);
			path = Views;
			sourceTree = "<group>";
		};
/* End PBXGroup section */

/* Begin PBXNativeTarget section */
		DDA67E0D2C507C34001DD7A8 /* TalkALotTests */ = {
			isa = PBXNativeTarget;
			buildConfigurationList = DDA67E142C507C34001DD7A8 /* Build configuration list for PBXNativeTarget "TalkALotTests" */;
			buildPhases = (
				DDA67E0A2C507C34001DD7A8 /* Sources */,
				DDA67E0B2C507C34001DD7A8 /* Frameworks */,
				DDA67E0C2C507C34001DD7A8 /* Resources */,
			);
			buildRules = (
			);
			dependencies = (
				DDA67EB52C530F30001DD7A8 /* PBXTargetDependency */,
				DDA67E132C507C34001DD7A8 /* PBXTargetDependency */,
				DDA67E182C50AA43001DD7A8 /* PBXTargetDependency */,
			);
			name = TalkALotTests;
			packageProductDependencies = (
				DDA67E292C50AA8B001DD7A8 /* FirebaseAuth */,
			);
			productName = TalkALotTests;
			productReference = DDA67E0E2C507C34001DD7A8 /* TalkALotTests.xctest */;
			productType = "com.apple.product-type.bundle.unit-test";
		};
		DDAA6E692C4F680500764617 /* TalkALot */ = {
			isa = PBXNativeTarget;
			buildConfigurationList = DDAA6E8E2C4F680800764617 /* Build configuration list for PBXNativeTarget "TalkALot" */;
			buildPhases = (
				DDAA6E662C4F680500764617 /* Sources */,
				DDAA6E672C4F680500764617 /* Frameworks */,
				DDAA6E682C4F680500764617 /* Resources */,
			);
			buildRules = (
			);
			dependencies = (
			);
			name = TalkALot;
			packageProductDependencies = (
				DDAA6ED82C4F799A00764617 /* FirebaseAuth */,
				DD2D260E2CE6AB2F00F54193 /* FirebaseStorage */,
			);
			productName = TalkALot;
			productReference = DDAA6E6A2C4F680500764617 /* TalkALot.app */;
			productType = "com.apple.product-type.application";
		};
/* End PBXNativeTarget section */

/* Begin PBXProject section */
		DDAA6E622C4F680500764617 /* Project object */ = {
			isa = PBXProject;
			attributes = {
				BuildIndependentTargetsInParallel = 1;
				LastSwiftUpdateCheck = 1420;
				LastUpgradeCheck = 1420;
				TargetAttributes = {
					DDA67E0D2C507C34001DD7A8 = {
						CreatedOnToolsVersion = 14.2;
						TestTargetID = DDAA6E692C4F680500764617;
					};
					DDAA6E692C4F680500764617 = {
						CreatedOnToolsVersion = 14.2;
					};
				};
			};
			buildConfigurationList = DDAA6E652C4F680500764617 /* Build configuration list for PBXProject "TalkALot" */;
			compatibilityVersion = "Xcode 14.0";
			developmentRegion = en;
			hasScannedForEncodings = 0;
			knownRegions = (
				en,
				Base,
			);
			mainGroup = DDAA6E612C4F680500764617;
			packageReferences = (
				DDAA6ED72C4F799A00764617 /* XCRemoteSwiftPackageReference "firebase-ios-sdk" */,
			);
			productRefGroup = DDAA6E6B2C4F680500764617 /* Products */;
			projectDirPath = "";
			projectRoot = "";
			targets = (
				DDAA6E692C4F680500764617 /* TalkALot */,
				DDA67E0D2C507C34001DD7A8 /* TalkALotTests */,
			);
		};
/* End PBXProject section */

/* Begin PBXResourcesBuildPhase section */
		DDA67E0C2C507C34001DD7A8 /* Resources */ = {
			isa = PBXResourcesBuildPhase;
			buildActionMask = 2147483647;
			files = (
				DDCF159E2C562C2D00A94C35 /* GoogleService-Info.plist in Resources */,
				DD79F7902C84DEC3004CBD98 /* GoogleService-Info.plist in Resources */,
			);
			runOnlyForDeploymentPostprocessing = 0;
		};
		DDAA6E682C4F680500764617 /* Resources */ = {
			isa = PBXResourcesBuildPhase;
			buildActionMask = 2147483647;
			files = (
				DD5AF5C92C6626C400D055CC /* sample3.m4a in Resources */,
				DDAA6E752C4F680700764617 /* Preview Assets.xcassets in Resources */,
				DDAA6E722C4F680700764617 /* Assets.xcassets in Resources */,
				DD5AF5C72C6626AB00D055CC /* sample1.m4a in Resources */,
				DDCF159D2C562C2D00A94C35 /* GoogleService-Info.plist in Resources */,
				DD79F78F2C84DEC3004CBD98 /* GoogleService-Info.plist in Resources */,
			);
			runOnlyForDeploymentPostprocessing = 0;
		};
/* End PBXResourcesBuildPhase section */

/* Begin PBXSourcesBuildPhase section */
		DDA67E0A2C507C34001DD7A8 /* Sources */ = {
			isa = PBXSourcesBuildPhase;
			buildActionMask = 2147483647;
			files = (
				DDA67EA82C5211C9001DD7A8 /* Validators.swift in Sources */,
				DDA67EAA2C52146F001DD7A8 /* LogInViewTest.swift in Sources */,
				DDA67E112C507C34001DD7A8 /* SignUpViewTest.swift in Sources */,
			);
			runOnlyForDeploymentPostprocessing = 0;
		};
		DDAA6E662C4F680500764617 /* Sources */ = {
			isa = PBXSourcesBuildPhase;
			buildActionMask = 2147483647;
			files = (
				DDAA6EA12C4F68CE00764617 /* LoginView.swift in Sources */,
				DDCF15A92C56329E00A94C35 /* AudioPlayerView.swift in Sources */,
				DDAA6E9B2C4F684300764617 /* AppDelegate.swift in Sources */,
				DDCF15A32C562CFC00A94C35 /* RecordView.swift in Sources */,
				395B61B62C576EA300B08343 /* EnterUserNameScreen.swift in Sources */,
				395B61B42C576BC900B08343 /* BirthdateView.swift in Sources */,
				DDAA6E9F2C4F689C00764617 /* HomeView.swift in Sources */,
				DD5AF5C02C62122500D055CC /* Enums.swift in Sources */,
				395B61BA2C57704900B08343 /* PictureSelector.swift in Sources */,
				DDAA6EF92C4F845A00764617 /* SignUpView.swift in Sources */,
				DDCF15C72C57290900A94C35 /* WaveformView.swift in Sources */,
				DDAA6E9D2C4F685900764617 /* TalkALotApp.swift in Sources */,
				39A8B4CA2C56D1BC00BD4389 /* EnterNameView.swift in Sources */,
				DD79F77E2C68494A004CBD98 /* UserYapList.swift in Sources */,
				DDA67EA72C5211C9001DD7A8 /* Validators.swift in Sources */,
				DDCF15CB2C5C01F900A94C35 /* CustomViews.swift in Sources */,
				DDCF15D52C60941E00A94C35 /* AudioHelpers.swift in Sources */,
				DD79F7802C684EC2004CBD98 /* ProfileMenuView.swift in Sources */,
				DD5AF5C42C65A1F900D055CC /* ProfileView.swift in Sources */,
				395B61B82C576F9A00B08343 /* EnterProfilePictureView.swift in Sources */,
				DDAA6E992C4F683100764617 /* +View.swift in Sources */,
			);
			runOnlyForDeploymentPostprocessing = 0;
		};
/* End PBXSourcesBuildPhase section */

/* Begin PBXTargetDependency section */
		DDA67E132C507C34001DD7A8 /* PBXTargetDependency */ = {
			isa = PBXTargetDependency;
			target = DDAA6E692C4F680500764617 /* TalkALot */;
			targetProxy = DDA67E122C507C34001DD7A8 /* PBXContainerItemProxy */;
		};
		DDA67E182C50AA43001DD7A8 /* PBXTargetDependency */ = {
			isa = PBXTargetDependency;
			productRef = DDA67E172C50AA43001DD7A8 /* FirebaseAuth */;
		};
		DDA67EB52C530F30001DD7A8 /* PBXTargetDependency */ = {
			isa = PBXTargetDependency;
			productRef = DDA67EB42C530F30001DD7A8 /* GoogleSignIn */;
		};
/* End PBXTargetDependency section */

/* Begin XCBuildConfiguration section */
		DDA67E152C507C34001DD7A8 /* Debug */ = {
			isa = XCBuildConfiguration;
			buildSettings = {
				BUNDLE_LOADER = "$(TEST_HOST)";
				CODE_SIGN_STYLE = Manual;
				CURRENT_PROJECT_VERSION = 1;
				DEVELOPMENT_TEAM = "";
				GENERATE_INFOPLIST_FILE = YES;
				MARKETING_VERSION = 1.0;
				PRODUCT_BUNDLE_IDENTIFIER = otto.TalkALotTests;
				PRODUCT_NAME = "$(TARGET_NAME)";
				PROVISIONING_PROFILE_SPECIFIER = "";
				SWIFT_EMIT_LOC_STRINGS = NO;
				SWIFT_VERSION = 5.0;
				TARGETED_DEVICE_FAMILY = "1,2";
				TEST_HOST = "$(BUILT_PRODUCTS_DIR)/TalkALot.app/$(BUNDLE_EXECUTABLE_FOLDER_PATH)/TalkALot";
			};
			name = Debug;
		};
		DDA67E162C507C34001DD7A8 /* Release */ = {
			isa = XCBuildConfiguration;
			buildSettings = {
				BUNDLE_LOADER = "$(TEST_HOST)";
				CODE_SIGN_STYLE = Automatic;
				CURRENT_PROJECT_VERSION = 1;
				GENERATE_INFOPLIST_FILE = YES;
				MARKETING_VERSION = 1.0;
				PRODUCT_BUNDLE_IDENTIFIER = otto.TalkALotTests;
				PRODUCT_NAME = "$(TARGET_NAME)";
				SWIFT_EMIT_LOC_STRINGS = NO;
				SWIFT_VERSION = 5.0;
				TARGETED_DEVICE_FAMILY = "1,2";
				TEST_HOST = "$(BUILT_PRODUCTS_DIR)/TalkALot.app/$(BUNDLE_EXECUTABLE_FOLDER_PATH)/TalkALot";
			};
			name = Release;
		};
		DDAA6E8C2C4F680800764617 /* Debug */ = {
			isa = XCBuildConfiguration;
			buildSettings = {
				ALWAYS_SEARCH_USER_PATHS = NO;
				CLANG_ANALYZER_NONNULL = YES;
				CLANG_ANALYZER_NUMBER_OBJECT_CONVERSION = YES_AGGRESSIVE;
				CLANG_CXX_LANGUAGE_STANDARD = "gnu++20";
				CLANG_ENABLE_MODULES = YES;
				CLANG_ENABLE_OBJC_ARC = YES;
				CLANG_ENABLE_OBJC_WEAK = YES;
				CLANG_WARN_BLOCK_CAPTURE_AUTORELEASING = YES;
				CLANG_WARN_BOOL_CONVERSION = YES;
				CLANG_WARN_COMMA = YES;
				CLANG_WARN_CONSTANT_CONVERSION = YES;
				CLANG_WARN_DEPRECATED_OBJC_IMPLEMENTATIONS = YES;
				CLANG_WARN_DIRECT_OBJC_ISA_USAGE = YES_ERROR;
				CLANG_WARN_DOCUMENTATION_COMMENTS = YES;
				CLANG_WARN_EMPTY_BODY = YES;
				CLANG_WARN_ENUM_CONVERSION = YES;
				CLANG_WARN_INFINITE_RECURSION = YES;
				CLANG_WARN_INT_CONVERSION = YES;
				CLANG_WARN_NON_LITERAL_NULL_CONVERSION = YES;
				CLANG_WARN_OBJC_IMPLICIT_RETAIN_SELF = YES;
				CLANG_WARN_OBJC_LITERAL_CONVERSION = YES;
				CLANG_WARN_OBJC_ROOT_CLASS = YES_ERROR;
				CLANG_WARN_QUOTED_INCLUDE_IN_FRAMEWORK_HEADER = YES;
				CLANG_WARN_RANGE_LOOP_ANALYSIS = YES;
				CLANG_WARN_STRICT_PROTOTYPES = YES;
				CLANG_WARN_SUSPICIOUS_MOVE = YES;
				CLANG_WARN_UNGUARDED_AVAILABILITY = YES_AGGRESSIVE;
				CLANG_WARN_UNREACHABLE_CODE = YES;
				CLANG_WARN__DUPLICATE_METHOD_MATCH = YES;
				COPY_PHASE_STRIP = NO;
				DEBUG_INFORMATION_FORMAT = dwarf;
				DEVELOPMENT_TEAM = 8HDXLZNCY5;
				ENABLE_STRICT_OBJC_MSGSEND = YES;
				ENABLE_TESTABILITY = YES;
				GCC_C_LANGUAGE_STANDARD = gnu11;
				GCC_DYNAMIC_NO_PIC = NO;
				GCC_NO_COMMON_BLOCKS = YES;
				GCC_OPTIMIZATION_LEVEL = 0;
				GCC_PREPROCESSOR_DEFINITIONS = (
					"DEBUG=1",
					"$(inherited)",
				);
				GCC_WARN_64_TO_32_BIT_CONVERSION = YES;
				GCC_WARN_ABOUT_RETURN_TYPE = YES_ERROR;
				GCC_WARN_UNDECLARED_SELECTOR = YES;
				GCC_WARN_UNINITIALIZED_AUTOS = YES_AGGRESSIVE;
				GCC_WARN_UNUSED_FUNCTION = YES;
				GCC_WARN_UNUSED_VARIABLE = YES;
				GENERATE_INFOPLIST_FILE = YES;
				INFOPLIST_KEY_NSFileProviderDomainUsageDescription = "";
				"INFOPLIST_KEY_UIRequiresFullScreen[sdk=*]" = "";
				IPHONEOS_DEPLOYMENT_TARGET = 16.2;
				MTL_ENABLE_DEBUG_INFO = INCLUDE_SOURCE;
				MTL_FAST_MATH = YES;
				ONLY_ACTIVE_ARCH = YES;
				SDKROOT = iphoneos;
				SWIFT_ACTIVE_COMPILATION_CONDITIONS = DEBUG;
				SWIFT_OPTIMIZATION_LEVEL = "-Onone";
			};
			name = Debug;
		};
		DDAA6E8D2C4F680800764617 /* Release */ = {
			isa = XCBuildConfiguration;
			buildSettings = {
				ALWAYS_SEARCH_USER_PATHS = NO;
				CLANG_ANALYZER_NONNULL = YES;
				CLANG_ANALYZER_NUMBER_OBJECT_CONVERSION = YES_AGGRESSIVE;
				CLANG_CXX_LANGUAGE_STANDARD = "gnu++20";
				CLANG_ENABLE_MODULES = YES;
				CLANG_ENABLE_OBJC_ARC = YES;
				CLANG_ENABLE_OBJC_WEAK = YES;
				CLANG_WARN_BLOCK_CAPTURE_AUTORELEASING = YES;
				CLANG_WARN_BOOL_CONVERSION = YES;
				CLANG_WARN_COMMA = YES;
				CLANG_WARN_CONSTANT_CONVERSION = YES;
				CLANG_WARN_DEPRECATED_OBJC_IMPLEMENTATIONS = YES;
				CLANG_WARN_DIRECT_OBJC_ISA_USAGE = YES_ERROR;
				CLANG_WARN_DOCUMENTATION_COMMENTS = YES;
				CLANG_WARN_EMPTY_BODY = YES;
				CLANG_WARN_ENUM_CONVERSION = YES;
				CLANG_WARN_INFINITE_RECURSION = YES;
				CLANG_WARN_INT_CONVERSION = YES;
				CLANG_WARN_NON_LITERAL_NULL_CONVERSION = YES;
				CLANG_WARN_OBJC_IMPLICIT_RETAIN_SELF = YES;
				CLANG_WARN_OBJC_LITERAL_CONVERSION = YES;
				CLANG_WARN_OBJC_ROOT_CLASS = YES_ERROR;
				CLANG_WARN_QUOTED_INCLUDE_IN_FRAMEWORK_HEADER = YES;
				CLANG_WARN_RANGE_LOOP_ANALYSIS = YES;
				CLANG_WARN_STRICT_PROTOTYPES = YES;
				CLANG_WARN_SUSPICIOUS_MOVE = YES;
				CLANG_WARN_UNGUARDED_AVAILABILITY = YES_AGGRESSIVE;
				CLANG_WARN_UNREACHABLE_CODE = YES;
				CLANG_WARN__DUPLICATE_METHOD_MATCH = YES;
				COPY_PHASE_STRIP = NO;
				DEBUG_INFORMATION_FORMAT = "dwarf-with-dsym";
				DEVELOPMENT_TEAM = 8HDXLZNCY5;
				ENABLE_NS_ASSERTIONS = NO;
				ENABLE_STRICT_OBJC_MSGSEND = YES;
				GCC_C_LANGUAGE_STANDARD = gnu11;
				GCC_NO_COMMON_BLOCKS = YES;
				GCC_WARN_64_TO_32_BIT_CONVERSION = YES;
				GCC_WARN_ABOUT_RETURN_TYPE = YES_ERROR;
				GCC_WARN_UNDECLARED_SELECTOR = YES;
				GCC_WARN_UNINITIALIZED_AUTOS = YES_AGGRESSIVE;
				GCC_WARN_UNUSED_FUNCTION = YES;
				GCC_WARN_UNUSED_VARIABLE = YES;
				GENERATE_INFOPLIST_FILE = YES;
				INFOPLIST_KEY_NSFileProviderDomainUsageDescription = "";
				IPHONEOS_DEPLOYMENT_TARGET = 16.2;
				MTL_ENABLE_DEBUG_INFO = NO;
				MTL_FAST_MATH = YES;
				SDKROOT = iphoneos;
				SWIFT_COMPILATION_MODE = wholemodule;
				SWIFT_OPTIMIZATION_LEVEL = "-O";
				VALIDATE_PRODUCT = YES;
			};
			name = Release;
		};
		DDAA6E8F2C4F680800764617 /* Debug */ = {
			isa = XCBuildConfiguration;
			buildSettings = {
				ASSETCATALOG_COMPILER_APPICON_NAME = AppIcon;
				ASSETCATALOG_COMPILER_GLOBAL_ACCENT_COLOR_NAME = AccentColor;
				CODE_SIGN_STYLE = Automatic;
				CURRENT_PROJECT_VERSION = 1;
				DEVELOPMENT_ASSET_PATHS = "\"TalkALot/Preview Content\"";
				ENABLE_PREVIEWS = YES;
				GENERATE_INFOPLIST_FILE = YES;
				INFOPLIST_FILE = TalkALot/Info.plist;
				INFOPLIST_KEY_LSApplicationCategoryType = "";
				INFOPLIST_KEY_NSFileProviderDomainUsageDescription = "TalkALot requires access to your files to upload content";
				INFOPLIST_KEY_NSMicrophoneUsageDescription = "TalkALot requires access to your microphone";
				INFOPLIST_KEY_UIApplicationSceneManifest_Generation = YES;
				INFOPLIST_KEY_UIApplicationSupportsIndirectInputEvents = YES;
				INFOPLIST_KEY_UILaunchScreen_Generation = YES;
				INFOPLIST_KEY_UIRequiresFullScreen = "";
				INFOPLIST_KEY_UISupportedInterfaceOrientations_iPad = "UIInterfaceOrientationPortrait UIInterfaceOrientationPortraitUpsideDown";
				INFOPLIST_KEY_UISupportedInterfaceOrientations_iPhone = "UIInterfaceOrientationPortrait UIInterfaceOrientationLandscapeLeft UIInterfaceOrientationLandscapeRight";
				INFOPLIST_KEY_UIUserInterfaceStyle = Light;
				"INFOPLIST_KEY_UIUserInterfaceStyle[sdk=iphoneos*]" = Light;
				LD_RUNPATH_SEARCH_PATHS = (
					"$(inherited)",
					"@executable_path/Frameworks",
				);
				MARKETING_VERSION = 1.0;
				PRODUCT_BUNDLE_IDENTIFIER = otto.TalkALot;
				PRODUCT_NAME = "$(TARGET_NAME)";
				SWIFT_EMIT_LOC_STRINGS = YES;
				SWIFT_VERSION = 5.0;
				TARGETED_DEVICE_FAMILY = "1,2";
			};
			name = Debug;
		};
		DDAA6E902C4F680800764617 /* Release */ = {
			isa = XCBuildConfiguration;
			buildSettings = {
				ASSETCATALOG_COMPILER_APPICON_NAME = AppIcon;
				ASSETCATALOG_COMPILER_GLOBAL_ACCENT_COLOR_NAME = AccentColor;
				CODE_SIGN_STYLE = Automatic;
				CURRENT_PROJECT_VERSION = 1;
				DEVELOPMENT_ASSET_PATHS = "\"TalkALot/Preview Content\"";
				ENABLE_PREVIEWS = YES;
				GENERATE_INFOPLIST_FILE = YES;
				INFOPLIST_FILE = TalkALot/Info.plist;
				INFOPLIST_KEY_LSApplicationCategoryType = "";
				INFOPLIST_KEY_NSFileProviderDomainUsageDescription = "TalkALot requires access to your files to upload content";
				INFOPLIST_KEY_NSMicrophoneUsageDescription = "TalkALot requires access to your microphone";
				INFOPLIST_KEY_UIApplicationSceneManifest_Generation = YES;
				INFOPLIST_KEY_UIApplicationSupportsIndirectInputEvents = YES;
				INFOPLIST_KEY_UILaunchScreen_Generation = YES;
				INFOPLIST_KEY_UIRequiresFullScreen = "";
				INFOPLIST_KEY_UISupportedInterfaceOrientations_iPad = "UIInterfaceOrientationPortrait UIInterfaceOrientationPortraitUpsideDown";
				INFOPLIST_KEY_UISupportedInterfaceOrientations_iPhone = "UIInterfaceOrientationPortrait UIInterfaceOrientationLandscapeLeft UIInterfaceOrientationLandscapeRight";
				INFOPLIST_KEY_UIUserInterfaceStyle = Light;
				"INFOPLIST_KEY_UIUserInterfaceStyle[sdk=iphoneos*]" = Light;
				LD_RUNPATH_SEARCH_PATHS = (
					"$(inherited)",
					"@executable_path/Frameworks",
				);
				MARKETING_VERSION = 1.0;
				PRODUCT_BUNDLE_IDENTIFIER = otto.TalkALot;
				PRODUCT_NAME = "$(TARGET_NAME)";
				SWIFT_EMIT_LOC_STRINGS = YES;
				SWIFT_VERSION = 5.0;
				TARGETED_DEVICE_FAMILY = "1,2";
			};
			name = Release;
		};
/* End XCBuildConfiguration section */

/* Begin XCConfigurationList section */
		DDA67E142C507C34001DD7A8 /* Build configuration list for PBXNativeTarget "TalkALotTests" */ = {
			isa = XCConfigurationList;
			buildConfigurations = (
				DDA67E152C507C34001DD7A8 /* Debug */,
				DDA67E162C507C34001DD7A8 /* Release */,
			);
			defaultConfigurationIsVisible = 0;
			defaultConfigurationName = Release;
		};
		DDAA6E652C4F680500764617 /* Build configuration list for PBXProject "TalkALot" */ = {
			isa = XCConfigurationList;
			buildConfigurations = (
				DDAA6E8C2C4F680800764617 /* Debug */,
				DDAA6E8D2C4F680800764617 /* Release */,
			);
			defaultConfigurationIsVisible = 0;
			defaultConfigurationName = Release;
		};
		DDAA6E8E2C4F680800764617 /* Build configuration list for PBXNativeTarget "TalkALot" */ = {
			isa = XCConfigurationList;
			buildConfigurations = (
				DDAA6E8F2C4F680800764617 /* Debug */,
				DDAA6E902C4F680800764617 /* Release */,
			);
			defaultConfigurationIsVisible = 0;
			defaultConfigurationName = Release;
		};
/* End XCConfigurationList section */

/* Begin XCRemoteSwiftPackageReference section */
		DDA67EAB2C530824001DD7A8 /* XCRemoteSwiftPackageReference "GoogleSignIn-iOS" */ = {
			isa = XCRemoteSwiftPackageReference;
			repositoryURL = "https://github.com/google/GoogleSignIn-iOS";
			requirement = {
				kind = upToNextMajorVersion;
				minimumVersion = 7.0.0;
			};
		};
		DDAA6ED72C4F799A00764617 /* XCRemoteSwiftPackageReference "firebase-ios-sdk" */ = {
			isa = XCRemoteSwiftPackageReference;
			repositoryURL = "https://github.com/firebase/firebase-ios-sdk.git";
			requirement = {
				kind = upToNextMajorVersion;
				minimumVersion = 9.0.0;
			};
		};
/* End XCRemoteSwiftPackageReference section */

/* Begin XCSwiftPackageProductDependency section */
		DD2D260E2CE6AB2F00F54193 /* FirebaseStorage */ = {
			isa = XCSwiftPackageProductDependency;
			package = DDAA6ED72C4F799A00764617 /* XCRemoteSwiftPackageReference "firebase-ios-sdk" */;
			productName = FirebaseStorage;
		};
		DDA67E172C50AA43001DD7A8 /* FirebaseAuth */ = {
			isa = XCSwiftPackageProductDependency;
			package = DDAA6ED72C4F799A00764617 /* XCRemoteSwiftPackageReference "firebase-ios-sdk" */;
			productName = FirebaseAuth;
		};
		DDA67E292C50AA8B001DD7A8 /* FirebaseAuth */ = {
			isa = XCSwiftPackageProductDependency;
			package = DDAA6ED72C4F799A00764617 /* XCRemoteSwiftPackageReference "firebase-ios-sdk" */;
			productName = FirebaseAuth;
		};
		DDA67EB42C530F30001DD7A8 /* GoogleSignIn */ = {
			isa = XCSwiftPackageProductDependency;
			package = DDA67EAB2C530824001DD7A8 /* XCRemoteSwiftPackageReference "GoogleSignIn-iOS" */;
			productName = GoogleSignIn;
		};
		DDAA6ED82C4F799A00764617 /* FirebaseAuth */ = {
			isa = XCSwiftPackageProductDependency;
			package = DDAA6ED72C4F799A00764617 /* XCRemoteSwiftPackageReference "firebase-ios-sdk" */;
			productName = FirebaseAuth;
		};
/* End XCSwiftPackageProductDependency section */
	};
	rootObject = DDAA6E622C4F680500764617 /* Project object */;
}
